
Microsoft Visual Studio Solution File, Format Version 12.00
# Visual Studio 2013
Project("{FAE04EC0-301F-11D3-BF4B-00C04F79EFBC}") = "Landmass Street Simulator.CSharp", "Landmass Street Simulator.CSharp.csproj", "{B1469077-E025-49CB-80E5-DFBBCCBC084F}"
EndProject
Global
	GlobalSection(SolutionConfigurationPlatforms) = preSolution
		Debug|Any CPU = Debug|Any CPU
		Release|Any CPU = Release|Any CPU
	EndGlobalSection
	GlobalSection(ProjectConfigurationPlatforms) = postSolution
		{B1469077-E025-49CB-80E5-DFBBCCBC084F}.Debug|Any CPU.ActiveCfg = Debug|Any CPU
		{B1469077-E025-49CB-80E5-DFBBCCBC084F}.Debug|Any CPU.Build.0 = Debug|Any CPU
		{B1469077-E025-49CB-80E5-DFBBCCBC084F}.Release|Any CPU.ActiveCfg = Release|Any CPU
		{B1469077-E025-49CB-80E5-DFBBCCBC084F}.Release|Any CPU.Build.0 = Release|Any CPU
	EndGlobalSection
	GlobalSection(SolutionProperties) = preSolution
		HideSolutionNode = FALSE
	EndGlobalSection
EndGlobal
